{
  "originHash" : "9a358dc07af57c1eac675c61e4c9805d233178ded52fddff375dc5a644699642",
  "pins" : [
    {
      "identity" : "swift-numerics",
      "kind" : "remoteSourceControl",
      "location" : "https://github.com/apple/swift-numerics",
      "state" : {
        "revision" : "0c0290ff6b24942dadb83a929ffaaa1481df04a2",
        "version" : "1.1.1"
      }
    }
  ],
  "version" : 3
}
